
Microsoft Visual Studio Solution File, Format Version 12.00
# Visual Studio Version 17
VisualStudioVersion = 17.4.33213.308
MinimumVisualStudioVersion = 10.0.40219.1
Project("{9A19103F-16F7-4668-BE54-9A1E7A4F7556}") = "SolarisChess", "SolarisChess\SolarisChess.csproj", "{2FAEF4EC-50B5-4254-B235-4175C31A2510}"
EndProject
Project("{9A19103F-16F7-4668-BE54-9A1E7A4F7556}") = "SolarisChessTest", "SolarisChessTest\SolarisChessTest.csproj", "{F3F78AE1-73DC-453F-B3EF-4A7B4FDFC613}"
EndProject
Project("{9A19103F-16F7-4668-BE54-9A1E7A4F7556}") = "SolarisChess.Test", "SolarisChess.Test\SolarisChess.Test.csproj", "{AE213697-6A9C-4270-B6C6-0CBCDCA8EADC}"
EndProject
Project("{FAE04EC0-301F-11D3-BF4B-00C04F79EFBC}") = "SolarisChess.Benchmark", "SolarisChess.Benchmark\SolarisChess.Benchmark.csproj", "{0B9FAA2E-BECA-43F9-B599-F6E44BAC26EC}"
EndProject
Project("{9A19103F-16F7-4668-BE54-9A1E7A4F7556}") = "Rudzoft.ChessLib", "..\ChessLib-engine_work\src\Rudzoft.ChessLib\Rudzoft.ChessLib.csproj", "{2EF1BD33-E999-46EA-A884-36A982DCFEA7}"
EndProject
Global
	GlobalSection(SolutionConfigurationPlatforms) = preSolution
		Debug|Any CPU = Debug|Any CPU
		Debug|x64 = Debug|x64
		Release|Any CPU = Release|Any CPU
		Release|x64 = Release|x64
	EndGlobalSection
	GlobalSection(ProjectConfigurationPlatforms) = postSolution
		{2FAEF4EC-50B5-4254-B235-4175C31A2510}.Debug|Any CPU.ActiveCfg = Debug|Any CPU
		{2FAEF4EC-50B5-4254-B235-4175C31A2510}.Debug|Any CPU.Build.0 = Debug|Any CPU
		{2FAEF4EC-50B5-4254-B235-4175C31A2510}.Debug|x64.ActiveCfg = Debug|Any CPU
		{2FAEF4EC-50B5-4254-B235-4175C31A2510}.Debug|x64.Build.0 = Debug|Any CPU
		{2FAEF4EC-50B5-4254-B235-4175C31A2510}.Release|Any CPU.ActiveCfg = Release|Any CPU
		{2FAEF4EC-50B5-4254-B235-4175C31A2510}.Release|Any CPU.Build.0 = Release|Any CPU
		{2FAEF4EC-50B5-4254-B235-4175C31A2510}.Release|x64.ActiveCfg = Release|Any CPU
		{2FAEF4EC-50B5-4254-B235-4175C31A2510}.Release|x64.Build.0 = Release|Any CPU
		{F3F78AE1-73DC-453F-B3EF-4A7B4FDFC613}.Debug|Any CPU.ActiveCfg = Debug|Any CPU
		{F3F78AE1-73DC-453F-B3EF-4A7B4FDFC613}.Debug|Any CPU.Build.0 = Debug|Any CPU
		{F3F78AE1-73DC-453F-B3EF-4A7B4FDFC613}.Debug|x64.ActiveCfg = Debug|Any CPU
		{F3F78AE1-73DC-453F-B3EF-4A7B4FDFC613}.Debug|x64.Build.0 = Debug|Any CPU
		{F3F78AE1-73DC-453F-B3EF-4A7B4FDFC613}.Release|Any CPU.ActiveCfg = Release|Any CPU
		{F3F78AE1-73DC-453F-B3EF-4A7B4FDFC613}.Release|Any CPU.Build.0 = Release|Any CPU
		{F3F78AE1-73DC-453F-B3EF-4A7B4FDFC613}.Release|x64.ActiveCfg = Release|Any CPU
		{F3F78AE1-73DC-453F-B3EF-4A7B4FDFC613}.Release|x64.Build.0 = Release|Any CPU
		{AE213697-6A9C-4270-B6C6-0CBCDCA8EADC}.Debug|Any CPU.ActiveCfg = Debug|Any CPU
		{AE213697-6A9C-4270-B6C6-0CBCDCA8EADC}.Debug|Any CPU.Build.0 = Debug|Any CPU
		{AE213697-6A9C-4270-B6C6-0CBCDCA8EADC}.Debug|x64.ActiveCfg = Debug|Any CPU
		{AE213697-6A9C-4270-B6C6-0CBCDCA8EADC}.Debug|x64.Build.0 = Debug|Any CPU
		{AE213697-6A9C-4270-B6C6-0CBCDCA8EADC}.Release|Any CPU.ActiveCfg = Release|Any CPU
		{AE213697-6A9C-4270-B6C6-0CBCDCA8EADC}.Release|Any CPU.Build.0 = Release|Any CPU
		{AE213697-6A9C-4270-B6C6-0CBCDCA8EADC}.Release|x64.ActiveCfg = Release|Any CPU
		{AE213697-6A9C-4270-B6C6-0CBCDCA8EADC}.Release|x64.Build.0 = Release|Any CPU
		{0B9FAA2E-BECA-43F9-B599-F6E44BAC26EC}.Debug|Any CPU.ActiveCfg = Debug|Any CPU
		{0B9FAA2E-BECA-43F9-B599-F6E44BAC26EC}.Debug|Any CPU.Build.0 = Debug|Any CPU
		{0B9FAA2E-BECA-43F9-B599-F6E44BAC26EC}.Debug|x64.ActiveCfg = Debug|Any CPU
		{0B9FAA2E-BECA-43F9-B599-F6E44BAC26EC}.Debug|x64.Build.0 = Debug|Any CPU
		{0B9FAA2E-BECA-43F9-B599-F6E44BAC26EC}.Release|Any CPU.ActiveCfg = Release|Any CPU
		{0B9FAA2E-BECA-43F9-B599-F6E44BAC26EC}.Release|Any CPU.Build.0 = Release|Any CPU
		{0B9FAA2E-BECA-43F9-B599-F6E44BAC26EC}.Release|x64.ActiveCfg = Release|Any CPU
		{0B9FAA2E-BECA-43F9-B599-F6E44BAC26EC}.Release|x64.Build.0 = Release|Any CPU
		{2EF1BD33-E999-46EA-A884-36A982DCFEA7}.Debug|Any CPU.ActiveCfg = Debug|Any CPU
		{2EF1BD33-E999-46EA-A884-36A982DCFEA7}.Debug|Any CPU.Build.0 = Debug|Any CPU
		{2EF1BD33-E999-46EA-A884-36A982DCFEA7}.Debug|x64.ActiveCfg = Debug|x64
		{2EF1BD33-E999-46EA-A884-36A982DCFEA7}.Debug|x64.Build.0 = Debug|x64
		{2EF1BD33-E999-46EA-A884-36A982DCFEA7}.Release|Any CPU.ActiveCfg = Release|Any CPU
		{2EF1BD33-E999-46EA-A884-36A982DCFEA7}.Release|Any CPU.Build.0 = Release|Any CPU
		{2EF1BD33-E999-46EA-A884-36A982DCFEA7}.Release|x64.ActiveCfg = Release|x64
		{2EF1BD33-E999-46EA-A884-36A982DCFEA7}.Release|x64.Build.0 = Release|x64
	EndGlobalSection
	GlobalSection(SolutionProperties) = preSolution
		HideSolutionNode = FALSE
	EndGlobalSection
	GlobalSection(ExtensibilityGlobals) = postSolution
		SolutionGuid = {115D1CA9-9B4D-4493-B80A-98015EAE8270}
	EndGlobalSection
EndGlobal
